
Microsoft Visual Studio Solution File, Format Version 12.00
# Visual Studio Version 16
VisualStudioVersion = 16.0.34031.81
MinimumVisualStudioVersion = 10.0.40219.1
Project("{FAE04EC0-301F-11D3-BF4B-00C04F79EFBC}") = "online store", "online store.csproj", "{50F6C4A7-7E8C-4FD0-818C-72FE545C0E52}"
EndProject
Global
	GlobalSection(SolutionConfigurationPlatforms) = preSolution
		Debug|Any CPU = Debug|Any CPU
		Release|Any CPU = Release|Any CPU
	EndGlobalSection
	GlobalSection(ProjectConfigurationPlatforms) = postSolution
		{50F6C4A7-7E8C-4FD0-818C-72FE545C0E52}.Debug|Any CPU.ActiveCfg = Debug|Any CPU
		{50F6C4A7-7E8C-4FD0-818C-72FE545C0E52}.Debug|Any CPU.Build.0 = Debug|Any CPU
		{50F6C4A7-7E8C-4FD0-818C-72FE545C0E52}.Release|Any CPU.ActiveCfg = Release|Any CPU
		{50F6C4A7-7E8C-4FD0-818C-72FE545C0E52}.Release|Any CPU.Build.0 = Release|Any CPU
	EndGlobalSection
	GlobalSection(SolutionProperties) = preSolution
		HideSolutionNode = FALSE
	EndGlobalSection
	GlobalSection(ExtensibilityGlobals) = postSolution
		SolutionGuid = {B5F91BF5-1A71-45D1-AE8E-885256E72616}
	EndGlobalSection
EndGlobal
